
Microsoft Visual Studio Solution File, Format Version 10.00
# Visual Studio 2008
Project("{FAE04EC0-301F-11D3-BF4B-00C04F79EFBC}") = "pivot", "pivot.csproj", "{8345F294-3943-4C60-AC20-C104CD810039}"
	ProjectSection(ProjectDependencies) = postProject
		{CC8CBCDA-604A-4885-A416-46DD50B9E654} = {CC8CBCDA-604A-4885-A416-46DD50B9E654}
	EndProjectSection
EndProject
Project("{FAE04EC0-301F-11D3-BF4B-00C04F79EFBC}") = "customcontrols", "..\customcontrols\customcontrols.csproj", "{CC8CBCDA-604A-4885-A416-46DD50B9E654}"
	ProjectSection(ProjectDependencies) = postProject
		{A9BB08EC-39B7-4ED9-A53B-594F83EB3FA3} = {A9BB08EC-39B7-4ED9-A53B-594F83EB3FA3}
	EndProjectSection
EndProject
Project("{FAE04EC0-301F-11D3-BF4B-00C04F79EFBC}") = "pivotgridcontrol", "..\3rdparty\pivotgridcontrol\pivotgridcontrol.csproj", "{A9BB08EC-39B7-4ED9-A53B-594F83EB3FA3}"
EndProject
Global
	GlobalSection(SolutionConfigurationPlatforms) = preSolution
		Debug|Any CPU = Debug|Any CPU
		Release|Any CPU = Release|Any CPU
	EndGlobalSection
	GlobalSection(ProjectConfigurationPlatforms) = postSolution
		{8345F294-3943-4C60-AC20-C104CD810039}.Debug|Any CPU.ActiveCfg = Debug|Any CPU
		{8345F294-3943-4C60-AC20-C104CD810039}.Debug|Any CPU.Build.0 = Debug|Any CPU
		{8345F294-3943-4C60-AC20-C104CD810039}.Release|Any CPU.ActiveCfg = Release|Any CPU
		{8345F294-3943-4C60-AC20-C104CD810039}.Release|Any CPU.Build.0 = Release|Any CPU
		{CC8CBCDA-604A-4885-A416-46DD50B9E654}.Debug|Any CPU.ActiveCfg = Debug|Any CPU
		{CC8CBCDA-604A-4885-A416-46DD50B9E654}.Debug|Any CPU.Build.0 = Debug|Any CPU
		{CC8CBCDA-604A-4885-A416-46DD50B9E654}.Release|Any CPU.ActiveCfg = Release|Any CPU
		{CC8CBCDA-604A-4885-A416-46DD50B9E654}.Release|Any CPU.Build.0 = Release|Any CPU
		{A9BB08EC-39B7-4ED9-A53B-594F83EB3FA3}.Debug|Any CPU.ActiveCfg = Debug|Any CPU
		{A9BB08EC-39B7-4ED9-A53B-594F83EB3FA3}.Debug|Any CPU.Build.0 = Debug|Any CPU
		{A9BB08EC-39B7-4ED9-A53B-594F83EB3FA3}.Release|Any CPU.ActiveCfg = Release|Any CPU
		{A9BB08EC-39B7-4ED9-A53B-594F83EB3FA3}.Release|Any CPU.Build.0 = Release|Any CPU
	EndGlobalSection
	GlobalSection(SolutionProperties) = preSolution
		HideSolutionNode = FALSE
	EndGlobalSection
EndGlobal
