
Microsoft Visual Studio Solution File, Format Version 10.00
# Visual Studio 2008
Project("{FAE04EC0-301F-11D3-BF4B-00C04F79EFBC}") = "LoopyXL", "LoopyXL\LoopyXL.csproj", "{90A5CC47-5017-477B-9266-031FBAC6997F}"
EndProject
Project("{FAE04EC0-301F-11D3-BF4B-00C04F79EFBC}") = "LoopyXL.Test", "LoopyXL.Test\LoopyXL.Test.csproj", "{066DFE4F-84E4-4E6A-AA27-04A915BEC8A3}"
EndProject
Global
	GlobalSection(SolutionConfigurationPlatforms) = preSolution
		Debug|Any CPU = Debug|Any CPU
		Release|Any CPU = Release|Any CPU
	EndGlobalSection
	GlobalSection(ProjectConfigurationPlatforms) = postSolution
		{90A5CC47-5017-477B-9266-031FBAC6997F}.Debug|Any CPU.ActiveCfg = Debug|Any CPU
		{90A5CC47-5017-477B-9266-031FBAC6997F}.Debug|Any CPU.Build.0 = Debug|Any CPU
		{90A5CC47-5017-477B-9266-031FBAC6997F}.Release|Any CPU.ActiveCfg = Release|Any CPU
		{90A5CC47-5017-477B-9266-031FBAC6997F}.Release|Any CPU.Build.0 = Release|Any CPU
		{066DFE4F-84E4-4E6A-AA27-04A915BEC8A3}.Debug|Any CPU.ActiveCfg = Debug|Any CPU
		{066DFE4F-84E4-4E6A-AA27-04A915BEC8A3}.Debug|Any CPU.Build.0 = Debug|Any CPU
		{066DFE4F-84E4-4E6A-AA27-04A915BEC8A3}.Release|Any CPU.ActiveCfg = Release|Any CPU
		{066DFE4F-84E4-4E6A-AA27-04A915BEC8A3}.Release|Any CPU.Build.0 = Release|Any CPU
	EndGlobalSection
	GlobalSection(SolutionProperties) = preSolution
		HideSolutionNode = FALSE
	EndGlobalSection
EndGlobal
